// !$*UTF8*$!
{
	archiveVersion = 1;
	classes = {
	};
	objectVersion = 56;
	objects = {

/* Begin PBXBuildFile section */
		437AAB342B85B55900961DC4 /* converterApp.swift in Sources */ = {isa = PBXBuildFile; fileRef = 437AAB332B85B55900961DC4 /* converterApp.swift */; };
		437AAB362B85B55900961DC4 /* ContentView.swift in Sources */ = {isa = PBXBuildFile; fileRef = 437AAB352B85B55900961DC4 /* ContentView.swift */; };
		437AAB382B85B55A00961DC4 /* Assets.xcassets in Resources */ = {isa = PBXBuildFile; fileRef = 437AAB372B85B55A00961DC4 /* Assets.xcassets */; };
		437AAB3B2B85B55A00961DC4 /* Preview Assets.xcassets in Resources */ = {isa = PBXBuildFile; fileRef = 437AAB3A2B85B55A00961DC4 /* Preview Assets.xcassets */; };
		437AAB452B85B55A00961DC4 /* converterTests.swift in Sources */ = {isa = PBXBuildFile; fileRef = 437AAB442B85B55A00961DC4 /* converterTests.swift */; };
		437AAB4F2B85B55A00961DC4 /* converterUITests.swift in Sources */ = {isa = PBXBuildFile; fileRef = 437AAB4E2B85B55A00961DC4 /* converterUITests.swift */; };
		437AAB512B85B55A00961DC4 /* converterUITestsLaunchTests.swift in Sources */ = {isa = PBXBuildFile; fileRef = 437AAB502B85B55A00961DC4 /* converterUITestsLaunchTests.swift */; };
/* End PBXBuildFile section */

/* Begin PBXContainerItemProxy section */
		437AAB412B85B55A00961DC4 /* PBXContainerItemProxy */ = {
			isa = PBXContainerItemProxy;
			containerPortal = 437AAB282B85B55900961DC4 /* Project object */;
			proxyType = 1;
			remoteGlobalIDString = 437AAB2F2B85B55900961DC4;
			remoteInfo = converter;
		};
		437AAB4B2B85B55A00961DC4 /* PBXContainerItemProxy */ = {
			isa = PBXContainerItemProxy;
			containerPortal = 437AAB282B85B55900961DC4 /* Project object */;
			proxyType = 1;
			remoteGlobalIDString = 437AAB2F2B85B55900961DC4;
			remoteInfo = converter;
		};
/* End PBXContainerItemProxy section */

/* Begin PBXFileReference section */
		437AAB302B85B55900961DC4 /* converter.app */ = {isa = PBXFileReference; explicitFileType = wrapper.application; includeInIndex = 0; path = converter.app; sourceTree = BUILT_PRODUCTS_DIR; };
		437AAB332B85B55900961DC4 /* converterApp.swift */ = {isa = PBXFileReference; lastKnownFileType = sourcecode.swift; path = converterApp.swift; sourceTree = "<group>"; };
		437AAB352B85B55900961DC4 /* ContentView.swift */ = {isa = PBXFileReference; lastKnownFileType = sourcecode.swift; path = ContentView.swift; sourceTree = "<group>"; };
		437AAB372B85B55A00961DC4 /* Assets.xcassets */ = {isa = PBXFileReference; lastKnownFileType = folder.assetcatalog; path = Assets.xcassets; sourceTree = "<group>"; };
		437AAB3A2B85B55A00961DC4 /* Preview Assets.xcassets */ = {isa = PBXFileReference; lastKnownFileType = folder.assetcatalog; path = "Preview Assets.xcassets"; sourceTree = "<group>"; };
		437AAB402B85B55A00961DC4 /* converterTests.xctest */ = {isa = PBXFileReference; explicitFileType = wrapper.cfbundle; includeInIndex = 0; path = converterTests.xctest; sourceTree = BUILT_PRODUCTS_DIR; };
		437AAB442B85B55A00961DC4 /* converterTests.swift */ = {isa = PBXFileReference; lastKnownFileType = sourcecode.swift; path = converterTests.swift; sourceTree = "<group>"; };
		437AAB4A2B85B55A00961DC4 /* converterUITests.xctest */ = {isa = PBXFileReference; explicitFileType = wrapper.cfbundle; includeInIndex = 0; path = converterUITests.xctest; sourceTree = BUILT_PRODUCTS_DIR; };
		437AAB4E2B85B55A00961DC4 /* converterUITests.swift */ = {isa = PBXFileReference; lastKnownFileType = sourcecode.swift; path = converterUITests.swift; sourceTree = "<group>"; };
		437AAB502B85B55A00961DC4 /* converterUITestsLaunchTests.swift */ = {isa = PBXFileReference; lastKnownFileType = sourcecode.swift; path = converterUITestsLaunchTests.swift; sourceTree = "<group>"; };
/* End PBXFileReference section */

/* Begin PBXFrameworksBuildPhase section */
		437AAB2D2B85B55900961DC4 /* Frameworks */ = {
			isa = PBXFrameworksBuildPhase;
			buildActionMask = 2147483647;
			files = (
			);
			runOnlyForDeploymentPostprocessing = 0;
		};
		437AAB3D2B85B55A00961DC4 /* Frameworks */ = {
			isa = PBXFrameworksBuildPhase;
			buildActionMask = 2147483647;
			files = (
			);
			runOnlyForDeploymentPostprocessing = 0;
		};
		437AAB472B85B55A00961DC4 /* Frameworks */ = {
			isa = PBXFrameworksBuildPhase;
			buildActionMask = 2147483647;
			files = (
			);
			runOnlyForDeploymentPostprocessing = 0;
		};
/* End PBXFrameworksBuildPhase section */

/* Begin PBXGroup section */
		437AAB272B85B55900961DC4 = {
			isa = PBXGroup;
			children = (
				437AAB322B85B55900961DC4 /* converter */,
				437AAB432B85B55A00961DC4 /* converterTests */,
				437AAB4D2B85B55A00961DC4 /* converterUITests */,
				437AAB312B85B55900961DC4 /* Products */,
			);
			sourceTree = "<group>";
		};
		437AAB312B85B55900961DC4 /* Products */ = {
			isa = PBXGroup;
			children = (
				437AAB302B85B55900961DC4 /* converter.app */,
				437AAB402B85B55A00961DC4 /* converterTests.xctest */,
				437AAB4A2B85B55A00961DC4 /* converterUITests.xctest */,
			);
			name = Products;
			sourceTree = "<group>";
		};
		437AAB322B85B55900961DC4 /* converter */ = {
			isa = PBXGroup;
			children = (
				437AAB332B85B55900961DC4 /* converterApp.swift */,
				437AAB352B85B55900961DC4 /* ContentView.swift */,
				437AAB372B85B55A00961DC4 /* Assets.xcassets */,
				437AAB392B85B55A00961DC4 /* Preview Content */,
			);
			path = converter;
			sourceTree = "<group>";
		};
		437AAB392B85B55A00961DC4 /* Preview Content */ = {
			isa = PBXGroup;
			children = (
				437AAB3A2B85B55A00961DC4 /* Preview Assets.xcassets */,
			);
			path = "Preview Content";
			sourceTree = "<group>";
		};
		437AAB432B85B55A00961DC4 /* converterTests */ = {
			isa = PBXGroup;
			children = (
				437AAB442B85B55A00961DC4 /* converterTests.swift */,
			);
			path = converterTests;
			sourceTree = "<group>";
		};
		437AAB4D2B85B55A00961DC4 /* converterUITests */ = {
			isa = PBXGroup;
			children = (
				437AAB4E2B85B55A00961DC4 /* converterUITests.swift */,
				437AAB502B85B55A00961DC4 /* converterUITestsLaunchTests.swift */,
			);
			path = converterUITests;
			sourceTree = "<group>";
		};
/* End PBXGroup section */

/* Begin PBXNativeTarget section */
		437AAB2F2B85B55900961DC4 /* converter */ = {
			isa = PBXNativeTarget;
			buildConfigurationList = 437AAB542B85B55A00961DC4 /* Build configuration list for PBXNativeTarget "converter" */;
			buildPhases = (
				437AAB2C2B85B55900961DC4 /* Sources */,
				437AAB2D2B85B55900961DC4 /* Frameworks */,
				437AAB2E2B85B55900961DC4 /* Resources */,
			);
			buildRules = (
			);
			dependencies = (
			);
			name = converter;
			productName = converter;
			productReference = 437AAB302B85B55900961DC4 /* converter.app */;
			productType = "com.apple.product-type.application";
		};
		437AAB3F2B85B55A00961DC4 /* converterTests */ = {
			isa = PBXNativeTarget;
			buildConfigurationList = 437AAB572B85B55A00961DC4 /* Build configuration list for PBXNativeTarget "converterTests" */;
			buildPhases = (
				437AAB3C2B85B55A00961DC4 /* Sources */,
				437AAB3D2B85B55A00961DC4 /* Frameworks */,
				437AAB3E2B85B55A00961DC4 /* Resources */,
			);
			buildRules = (
			);
			dependencies = (
				437AAB422B85B55A00961DC4 /* PBXTargetDependency */,
			);
			name = converterTests;
			productName = converterTests;
			productReference = 437AAB402B85B55A00961DC4 /* converterTests.xctest */;
			productType = "com.apple.product-type.bundle.unit-test";
		};
		437AAB492B85B55A00961DC4 /* converterUITests */ = {
			isa = PBXNativeTarget;
			buildConfigurationList = 437AAB5A2B85B55A00961DC4 /* Build configuration list for PBXNativeTarget "converterUITests" */;
			buildPhases = (
				437AAB462B85B55A00961DC4 /* Sources */,
				437AAB472B85B55A00961DC4 /* Frameworks */,
				437AAB482B85B55A00961DC4 /* Resources */,
			);
			buildRules = (
			);
			dependencies = (
				437AAB4C2B85B55A00961DC4 /* PBXTargetDependency */,
			);
			name = converterUITests;
			productName = converterUITests;
			productReference = 437AAB4A2B85B55A00961DC4 /* converterUITests.xctest */;
			productType = "com.apple.product-type.bundle.ui-testing";
		};
/* End PBXNativeTarget section */

/* Begin PBXProject section */
		437AAB282B85B55900961DC4 /* Project object */ = {
			isa = PBXProject;
			attributes = {
				BuildIndependentTargetsInParallel = 1;
				LastSwiftUpdateCheck = 1520;
				LastUpgradeCheck = 1520;
				TargetAttributes = {
					437AAB2F2B85B55900961DC4 = {
						CreatedOnToolsVersion = 15.2;
					};
					437AAB3F2B85B55A00961DC4 = {
						CreatedOnToolsVersion = 15.2;
						TestTargetID = 437AAB2F2B85B55900961DC4;
					};
					437AAB492B85B55A00961DC4 = {
						CreatedOnToolsVersion = 15.2;
						TestTargetID = 437AAB2F2B85B55900961DC4;
					};
				};
			};
			buildConfigurationList = 437AAB2B2B85B55900961DC4 /* Build configuration list for PBXProject "converter" */;
			compatibilityVersion = "Xcode 14.0";
			developmentRegion = en;
			hasScannedForEncodings = 0;
			knownRegions = (
				en,
				Base,
			);
			mainGroup = 437AAB272B85B55900961DC4;
			productRefGroup = 437AAB312B85B55900961DC4 /* Products */;
			projectDirPath = "";
			projectRoot = "";
			targets = (
				437AAB2F2B85B55900961DC4 /* converter */,
				437AAB3F2B85B55A00961DC4 /* converterTests */,
				437AAB492B85B55A00961DC4 /* converterUITests */,
			);
		};
/* End PBXProject section */

/* Begin PBXResourcesBuildPhase section */
		437AAB2E2B85B55900961DC4 /* Resources */ = {
			isa = PBXResourcesBuildPhase;
			buildActionMask = 2147483647;
			files = (
				437AAB3B2B85B55A00961DC4 /* Preview Assets.xcassets in Resources */,
				437AAB382B85B55A00961DC4 /* Assets.xcassets in Resources */,
			);
			runOnlyForDeploymentPostprocessing = 0;
		};
		437AAB3E2B85B55A00961DC4 /* Resources */ = {
			isa = PBXResourcesBuildPhase;
			buildActionMask = 2147483647;
			files = (
			);
			runOnlyForDeploymentPostprocessing = 0;
		};
		437AAB482B85B55A00961DC4 /* Resources */ = {
			isa = PBXResourcesBuildPhase;
			buildActionMask = 2147483647;
			files = (
			);
			runOnlyForDeploymentPostprocessing = 0;
		};
/* End PBXResourcesBuildPhase section */

/* Begin PBXSourcesBuildPhase section */
		437AAB2C2B85B55900961DC4 /* Sources */ = {
			isa = PBXSourcesBuildPhase;
			buildActionMask = 2147483647;
			files = (
				437AAB362B85B55900961DC4 /* ContentView.swift in Sources */,
				437AAB342B85B55900961DC4 /* converterApp.swift in Sources */,
			);
			runOnlyForDeploymentPostprocessing = 0;
		};
		437AAB3C2B85B55A00961DC4 /* Sources */ = {
			isa = PBXSourcesBuildPhase;
			buildActionMask = 2147483647;
			files = (
				437AAB452B85B55A00961DC4 /* converterTests.swift in Sources */,
			);
			runOnlyForDeploymentPostprocessing = 0;
		};
		437AAB462B85B55A00961DC4 /* Sources */ = {
			isa = PBXSourcesBuildPhase;
			buildActionMask = 2147483647;
			files = (
				437AAB4F2B85B55A00961DC4 /* converterUITests.swift in Sources */,
				437AAB512B85B55A00961DC4 /* converterUITestsLaunchTests.swift in Sources */,
			);
			runOnlyForDeploymentPostprocessing = 0;
		};
/* End PBXSourcesBuildPhase section */

/* Begin PBXTargetDependency section */
		437AAB422B85B55A00961DC4 /* PBXTargetDependency */ = {
			isa = PBXTargetDependency;
			target = 437AAB2F2B85B55900961DC4 /* converter */;
			targetProxy = 437AAB412B85B55A00961DC4 /* PBXContainerItemProxy */;
		};
		437AAB4C2B85B55A00961DC4 /* PBXTargetDependency */ = {
			isa = PBXTargetDependency;
			target = 437AAB2F2B85B55900961DC4 /* converter */;
			targetProxy = 437AAB4B2B85B55A00961DC4 /* PBXContainerItemProxy */;
		};
/* End PBXTargetDependency section */

/* Begin XCBuildConfiguration section */
		437AAB522B85B55A00961DC4 /* Debug */ = {
			isa = XCBuildConfiguration;
			buildSettings = {
				ALWAYS_SEARCH_USER_PATHS = NO;
				ASSETCATALOG_COMPILER_GENERATE_SWIFT_ASSET_SYMBOL_EXTENSIONS = YES;
				CLANG_ANALYZER_NONNULL = YES;
				CLANG_ANALYZER_NUMBER_OBJECT_CONVERSION = YES_AGGRESSIVE;
				CLANG_CXX_LANGUAGE_STANDARD = "gnu++20";
				CLANG_ENABLE_MODULES = YES;
				CLANG_ENABLE_OBJC_ARC = YES;
				CLANG_ENABLE_OBJC_WEAK = YES;
				CLANG_WARN_BLOCK_CAPTURE_AUTORELEASING = YES;
				CLANG_WARN_BOOL_CONVERSION = YES;
				CLANG_WARN_COMMA = YES;
				CLANG_WARN_CONSTANT_CONVERSION = YES;
				CLANG_WARN_DEPRECATED_OBJC_IMPLEMENTATIONS = YES;
				CLANG_WARN_DIRECT_OBJC_ISA_USAGE = YES_ERROR;
				CLANG_WARN_DOCUMENTATION_COMMENTS = YES;
				CLANG_WARN_EMPTY_BODY = YES;
				CLANG_WARN_ENUM_CONVERSION = YES;
				CLANG_WARN_INFINITE_RECURSION = YES;
				CLANG_WARN_INT_CONVERSION = YES;
				CLANG_WARN_NON_LITERAL_NULL_CONVERSION = YES;
				CLANG_WARN_OBJC_IMPLICIT_RETAIN_SELF = YES;
				CLANG_WARN_OBJC_LITERAL_CONVERSION = YES;
				CLANG_WARN_OBJC_ROOT_CLASS = YES_ERROR;
				CLANG_WARN_QUOTED_INCLUDE_IN_FRAMEWORK_HEADER = YES;
				CLANG_WARN_RANGE_LOOP_ANALYSIS = YES;
				CLANG_WARN_STRICT_PROTOTYPES = YES;
				CLANG_WARN_SUSPICIOUS_MOVE = YES;
				CLANG_WARN_UNGUARDED_AVAILABILITY = YES_AGGRESSIVE;
				CLANG_WARN_UNREACHABLE_CODE = YES;
				CLANG_WARN__DUPLICATE_METHOD_MATCH = YES;
				COPY_PHASE_STRIP = NO;
				DEBUG_INFORMATION_FORMAT = dwarf;
				ENABLE_STRICT_OBJC_MSGSEND = YES;
				ENABLE_TESTABILITY = YES;
				ENABLE_USER_SCRIPT_SANDBOXING = YES;
				GCC_C_LANGUAGE_STANDARD = gnu17;
				GCC_DYNAMIC_NO_PIC = NO;
				GCC_NO_COMMON_BLOCKS = YES;
				GCC_OPTIMIZATION_LEVEL = 0;
				GCC_PREPROCESSOR_DEFINITIONS = (
					"DEBUG=1",
					"$(inherited)",
				);
				GCC_WARN_64_TO_32_BIT_CONVERSION = YES;
				GCC_WARN_ABOUT_RETURN_TYPE = YES_ERROR;
				GCC_WARN_UNDECLARED_SELECTOR = YES;
				GCC_WARN_UNINITIALIZED_AUTOS = YES_AGGRESSIVE;
				GCC_WARN_UNUSED_FUNCTION = YES;
				GCC_WARN_UNUSED_VARIABLE = YES;
				IPHONEOS_DEPLOYMENT_TARGET = 17.2;
				LOCALIZATION_PREFERS_STRING_CATALOGS = YES;
				MTL_ENABLE_DEBUG_INFO = INCLUDE_SOURCE;
				MTL_FAST_MATH = YES;
				ONLY_ACTIVE_ARCH = YES;
				SDKROOT = iphoneos;
				SWIFT_ACTIVE_COMPILATION_CONDITIONS = "DEBUG $(inherited)";
				SWIFT_OPTIMIZATION_LEVEL = "-Onone";
			};
			name = Debug;
		};
		437AAB532B85B55A00961DC4 /* Release */ = {
			isa = XCBuildConfiguration;
			buildSettings = {
				ALWAYS_SEARCH_USER_PATHS = NO;
				ASSETCATALOG_COMPILER_GENERATE_SWIFT_ASSET_SYMBOL_EXTENSIONS = YES;
				CLANG_ANALYZER_NONNULL = YES;
				CLANG_ANALYZER_NUMBER_OBJECT_CONVERSION = YES_AGGRESSIVE;
				CLANG_CXX_LANGUAGE_STANDARD = "gnu++20";
				CLANG_ENABLE_MODULES = YES;
				CLANG_ENABLE_OBJC_ARC = YES;
				CLANG_ENABLE_OBJC_WEAK = YES;
				CLANG_WARN_BLOCK_CAPTURE_AUTORELEASING = YES;
				CLANG_WARN_BOOL_CONVERSION = YES;
				CLANG_WARN_COMMA = YES;
				CLANG_WARN_CONSTANT_CONVERSION = YES;
				CLANG_WARN_DEPRECATED_OBJC_IMPLEMENTATIONS = YES;
				CLANG_WARN_DIRECT_OBJC_ISA_USAGE = YES_ERROR;
				CLANG_WARN_DOCUMENTATION_COMMENTS = YES;
				CLANG_WARN_EMPTY_BODY = YES;
				CLANG_WARN_ENUM_CONVERSION = YES;
				CLANG_WARN_INFINITE_RECURSION = YES;
				CLANG_WARN_INT_CONVERSION = YES;
				CLANG_WARN_NON_LITERAL_NULL_CONVERSION = YES;
				CLANG_WARN_OBJC_IMPLICIT_RETAIN_SELF = YES;
				CLANG_WARN_OBJC_LITERAL_CONVERSION = YES;
				CLANG_WARN_OBJC_ROOT_CLASS = YES_ERROR;
				CLANG_WARN_QUOTED_INCLUDE_IN_FRAMEWORK_HEADER = YES;
				CLANG_WARN_RANGE_LOOP_ANALYSIS = YES;
				CLANG_WARN_STRICT_PROTOTYPES = YES;
				CLANG_WARN_SUSPICIOUS_MOVE = YES;
				CLANG_WARN_UNGUARDED_AVAILABILITY = YES_AGGRESSIVE;
				CLANG_WARN_UNREACHABLE_CODE = YES;
				CLANG_WARN__DUPLICATE_METHOD_MATCH = YES;
				COPY_PHASE_STRIP = NO;
				DEBUG_INFORMATION_FORMAT = "dwarf-with-dsym";
				ENABLE_NS_ASSERTIONS = NO;
				ENABLE_STRICT_OBJC_MSGSEND = YES;
				ENABLE_USER_SCRIPT_SANDBOXING = YES;
				GCC_C_LANGUAGE_STANDARD = gnu17;
				GCC_NO_COMMON_BLOCKS = YES;
				GCC_WARN_64_TO_32_BIT_CONVERSION = YES;
				GCC_WARN_ABOUT_RETURN_TYPE = YES_ERROR;
				GCC_WARN_UNDECLARED_SELECTOR = YES;
				GCC_WARN_UNINITIALIZED_AUTOS = YES_AGGRESSIVE;
				GCC_WARN_UNUSED_FUNCTION = YES;
				GCC_WARN_UNUSED_VARIABLE = YES;
				IPHONEOS_DEPLOYMENT_TARGET = 17.2;
				LOCALIZATION_PREFERS_STRING_CATALOGS = YES;
				MTL_ENABLE_DEBUG_INFO = NO;
				MTL_FAST_MATH = YES;
				SDKROOT = iphoneos;
				SWIFT_COMPILATION_MODE = wholemodule;
				VALIDATE_PRODUCT = YES;
			};
			name = Release;
		};
		437AAB552B85B55A00961DC4 /* Debug */ = {
			isa = XCBuildConfiguration;
			buildSettings = {
				ASSETCATALOG_COMPILER_APPICON_NAME = AppIcon;
				ASSETCATALOG_COMPILER_GLOBAL_ACCENT_COLOR_NAME = AccentColor;
				CODE_SIGN_STYLE = Automatic;
				CURRENT_PROJECT_VERSION = 1;
				DEVELOPMENT_ASSET_PATHS = "\"converter/Preview Content\"";
				DEVELOPMENT_TEAM = V9QPA276C7;
				ENABLE_PREVIEWS = YES;
				GENERATE_INFOPLIST_FILE = YES;
				INFOPLIST_KEY_UIApplicationSceneManifest_Generation = YES;
				INFOPLIST_KEY_UIApplicationSupportsIndirectInputEvents = YES;
				INFOPLIST_KEY_UILaunchScreen_Generation = YES;
				INFOPLIST_KEY_UISupportedInterfaceOrientations_iPad = "UIInterfaceOrientationPortrait UIInterfaceOrientationPortraitUpsideDown UIInterfaceOrientationLandscapeLeft UIInterfaceOrientationLandscapeRight";
				INFOPLIST_KEY_UISupportedInterfaceOrientations_iPhone = "UIInterfaceOrientationPortrait UIInterfaceOrientationLandscapeLeft UIInterfaceOrientationLandscapeRight";
				LD_RUNPATH_SEARCH_PATHS = (
					"$(inherited)",
					"@executable_path/Frameworks",
				);
				MARKETING_VERSION = 1.0;
				PRODUCT_BUNDLE_IDENTIFIER = work.julio.helloWorld.converter;
				PRODUCT_NAME = "$(TARGET_NAME)";
				SWIFT_EMIT_LOC_STRINGS = YES;
				SWIFT_VERSION = 5.0;
				TARGETED_DEVICE_FAMILY = "1,2";
			};
			name = Debug;
		};
		437AAB562B85B55A00961DC4 /* Release */ = {
			isa = XCBuildConfiguration;
			buildSettings = {
				ASSETCATALOG_COMPILER_APPICON_NAME = AppIcon;
				ASSETCATALOG_COMPILER_GLOBAL_ACCENT_COLOR_NAME = AccentColor;
				CODE_SIGN_STYLE = Automatic;
				CURRENT_PROJECT_VERSION = 1;
				DEVELOPMENT_ASSET_PATHS = "\"converter/Preview Content\"";
				DEVELOPMENT_TEAM = V9QPA276C7;
				ENABLE_PREVIEWS = YES;
				GENERATE_INFOPLIST_FILE = YES;
				INFOPLIST_KEY_UIApplicationSceneManifest_Generation = YES;
				INFOPLIST_KEY_UIApplicationSupportsIndirectInputEvents = YES;
				INFOPLIST_KEY_UILaunchScreen_Generation = YES;
				INFOPLIST_KEY_UISupportedInterfaceOrientations_iPad = "UIInterfaceOrientationPortrait UIInterfaceOrientationPortraitUpsideDown UIInterfaceOrientationLandscapeLeft UIInterfaceOrientationLandscapeRight";
				INFOPLIST_KEY_UISupportedInterfaceOrientations_iPhone = "UIInterfaceOrientationPortrait UIInterfaceOrientationLandscapeLeft UIInterfaceOrientationLandscapeRight";
				LD_RUNPATH_SEARCH_PATHS = (
					"$(inherited)",
					"@executable_path/Frameworks",
				);
				MARKETING_VERSION = 1.0;
				PRODUCT_BUNDLE_IDENTIFIER = work.julio.helloWorld.converter;
				PRODUCT_NAME = "$(TARGET_NAME)";
				SWIFT_EMIT_LOC_STRINGS = YES;
				SWIFT_VERSION = 5.0;
				TARGETED_DEVICE_FAMILY = "1,2";
			};
			name = Release;
		};
		437AAB582B85B55A00961DC4 /* Debug */ = {
			isa = XCBuildConfiguration;
			buildSettings = {
				ALWAYS_EMBED_SWIFT_STANDARD_LIBRARIES = YES;
				BUNDLE_LOADER = "$(TEST_HOST)";
				CODE_SIGN_STYLE = Automatic;
				CURRENT_PROJECT_VERSION = 1;
				DEVELOPMENT_TEAM = V9QPA276C7;
				GENERATE_INFOPLIST_FILE = YES;
				IPHONEOS_DEPLOYMENT_TARGET = 17.2;
				MARKETING_VERSION = 1.0;
				PRODUCT_BUNDLE_IDENTIFIER = work.julio.helloWorld.converterTests;
				PRODUCT_NAME = "$(TARGET_NAME)";
				SWIFT_EMIT_LOC_STRINGS = NO;
				SWIFT_VERSION = 5.0;
				TARGETED_DEVICE_FAMILY = "1,2";
				TEST_HOST = "$(BUILT_PRODUCTS_DIR)/converter.app/$(BUNDLE_EXECUTABLE_FOLDER_PATH)/converter";
			};
			name = Debug;
		};
		437AAB592B85B55A00961DC4 /* Release */ = {
			isa = XCBuildConfiguration;
			buildSettings = {
				ALWAYS_EMBED_SWIFT_STANDARD_LIBRARIES = YES;
				BUNDLE_LOADER = "$(TEST_HOST)";
				CODE_SIGN_STYLE = Automatic;
				CURRENT_PROJECT_VERSION = 1;
				DEVELOPMENT_TEAM = V9QPA276C7;
				GENERATE_INFOPLIST_FILE = YES;
				IPHONEOS_DEPLOYMENT_TARGET = 17.2;
				MARKETING_VERSION = 1.0;
				PRODUCT_BUNDLE_IDENTIFIER = work.julio.helloWorld.converterTests;
				PRODUCT_NAME = "$(TARGET_NAME)";
				SWIFT_EMIT_LOC_STRINGS = NO;
				SWIFT_VERSION = 5.0;
				TARGETED_DEVICE_FAMILY = "1,2";
				TEST_HOST = "$(BUILT_PRODUCTS_DIR)/converter.app/$(BUNDLE_EXECUTABLE_FOLDER_PATH)/converter";
			};
			name = Release;
		};
		437AAB5B2B85B55A00961DC4 /* Debug */ = {
			isa = XCBuildConfiguration;
			buildSettings = {
				ALWAYS_EMBED_SWIFT_STANDARD_LIBRARIES = YES;
				CODE_SIGN_STYLE = Automatic;
				CURRENT_PROJECT_VERSION = 1;
				DEVELOPMENT_TEAM = V9QPA276C7;
				GENERATE_INFOPLIST_FILE = YES;
				MARKETING_VERSION = 1.0;
				PRODUCT_BUNDLE_IDENTIFIER = work.julio.helloWorld.converterUITests;
				PRODUCT_NAME = "$(TARGET_NAME)";
				SWIFT_EMIT_LOC_STRINGS = NO;
				SWIFT_VERSION = 5.0;
				TARGETED_DEVICE_FAMILY = "1,2";
				TEST_TARGET_NAME = converter;
			};
			name = Debug;
		};
		437AAB5C2B85B55A00961DC4 /* Release */ = {
			isa = XCBuildConfiguration;
			buildSettings = {
				ALWAYS_EMBED_SWIFT_STANDARD_LIBRARIES = YES;
				CODE_SIGN_STYLE = Automatic;
				CURRENT_PROJECT_VERSION = 1;
				DEVELOPMENT_TEAM = V9QPA276C7;
				GENERATE_INFOPLIST_FILE = YES;
				MARKETING_VERSION = 1.0;
				PRODUCT_BUNDLE_IDENTIFIER = work.julio.helloWorld.converterUITests;
				PRODUCT_NAME = "$(TARGET_NAME)";
				SWIFT_EMIT_LOC_STRINGS = NO;
				SWIFT_VERSION = 5.0;
				TARGETED_DEVICE_FAMILY = "1,2";
				TEST_TARGET_NAME = converter;
			};
			name = Release;
		};
/* End XCBuildConfiguration section */

/* Begin XCConfigurationList section */
		437AAB2B2B85B55900961DC4 /* Build configuration list for PBXProject "converter" */ = {
			isa = XCConfigurationList;
			buildConfigurations = (
				437AAB522B85B55A00961DC4 /* Debug */,
				437AAB532B85B55A00961DC4 /* Release */,
			);
			defaultConfigurationIsVisible = 0;
			defaultConfigurationName = Release;
		};
		437AAB542B85B55A00961DC4 /* Build configuration list for PBXNativeTarget "converter" */ = {
			isa = XCConfigurationList;
			buildConfigurations = (
				437AAB552B85B55A00961DC4 /* Debug */,
				437AAB562B85B55A00961DC4 /* Release */,
			);
			defaultConfigurationIsVisible = 0;
			defaultConfigurationName = Release;
		};
		437AAB572B85B55A00961DC4 /* Build configuration list for PBXNativeTarget "converterTests" */ = {
			isa = XCConfigurationList;
			buildConfigurations = (
				437AAB582B85B55A00961DC4 /* Debug */,
				437AAB592B85B55A00961DC4 /* Release */,
			);
			defaultConfigurationIsVisible = 0;
			defaultConfigurationName = Release;
		};
		437AAB5A2B85B55A00961DC4 /* Build configuration list for PBXNativeTarget "converterUITests" */ = {
			isa = XCConfigurationList;
			buildConfigurations = (
				437AAB5B2B85B55A00961DC4 /* Debug */,
				437AAB5C2B85B55A00961DC4 /* Release */,
			);
			defaultConfigurationIsVisible = 0;
			defaultConfigurationName = Release;
		};
/* End XCConfigurationList section */
	};
	rootObject = 437AAB282B85B55900961DC4 /* Project object */;
}
